// !$*UTF8*$!
{
       archiveVersion = 1;
       classes = {
       };
       objectVersion = 46;
       objects = {

/* Begin PBXAggregateTarget section */
              5A180A3E8C6645C094AFEE47 /* ALL_BUILD */ = {
                     isa = PBXAggregateTarget;
                     buildConfigurationList = A6300753467F44308FA71614 /* Build configuration list for PBXAggregateTarget "ALL_BUILD" */;
                     buildPhases = (
                            9EB6434F9924402BA4BD51FD /* CMake Rules */,
                     );
                     dependencies = (
                            A3633485410B487B8C080DD5 /* PBXTargetDependency */,
                            7D9F1561C2AD4603B52F7F7D /* PBXTargetDependency */,
                     );
                     name = ALL_BUILD;
                     productName = ALL_BUILD;
              };
              55D8477FA1AA448486A9BAF4 /* ZERO_CHECK */ = {
                     isa = PBXAggregateTarget;
                     buildConfigurationList = E5E1239825994DC48F4901D2 /* Build configuration list for PBXAggregateTarget "ZERO_CHECK" */;
                     buildPhases = (
                            14284421528D4970ABC1D889 /* CMake Rules */,
                     );
                     dependencies = (
                     );
                     name = ZERO_CHECK;
                     productName = ZERO_CHECK;
              };
              9B6E54B53C3D41E69C56A6BD /* install */ = {
                     isa = PBXAggregateTarget;
                     buildConfigurationList = 862AC325181F4691AE68ACC8 /* Build configuration list for PBXAggregateTarget "install" */;
                     buildPhases = (
                            CF4DC9B10EE646D693E248E4 /* CMake PostBuild Rules */,
                     );
                     dependencies = (
                            2A042C7F123A47B2BF2C178E /* PBXTargetDependency */,
                     );
                     name = install;
                     productName = install;
              };
/* End PBXAggregateTarget section */

/* Begin PBXBuildFile section */
0EB6143C3ED4402DA365CFBD /* /Users/he/work/codes-repo/github/codes/c/crossword/CMakeLists.txt */ = {isa = PBXBuildFile; fileRef = E7B7C4A6FBCF43CD96B2CFB2 /* /Users/he/work/codes-repo/github/codes/c/crossword/CMakeLists.txt */; settings = { COMPILER_FLAGS = ""; }; };
8C609613F4D84468BEE74868 /* /Users/he/work/codes-repo/github/codes/c/crossword/src/angry.c */ = {isa = PBXBuildFile; fileRef = 70B81E2042F540B88C43B57D /* /Users/he/work/codes-repo/github/codes/c/crossword/src/angry.c */; settings = { COMPILER_FLAGS = ""; }; };
/* End PBXBuildFile section */

/* Begin PBXBuildStyle section */
              56B2DDE0A08D41258C187888 /*  */ = {
                     isa = PBXBuildStyle;
              };
              8694036E8F564BF0816A4AB4 /* Debug */ = {
                     isa = PBXBuildStyle;
                     buildSettings = {
                            COPY_PHASE_STRIP = NO;
                     };
                     name = Debug;
              };
              E391745D9C934160B094726C /* Release */ = {
                     isa = PBXBuildStyle;
                     buildSettings = {
                            COPY_PHASE_STRIP = NO;
                     };
                     name = Release;
              };
              E9772FEEFA684771A10B6DDA /* MinSizeRel */ = {
                     isa = PBXBuildStyle;
                     buildSettings = {
                            COPY_PHASE_STRIP = NO;
                     };
                     name = MinSizeRel;
              };
              A82D07F7999449B780E82EB0 /* RelWithDebInfo */ = {
                     isa = PBXBuildStyle;
                     buildSettings = {
                            COPY_PHASE_STRIP = NO;
                     };
                     name = RelWithDebInfo;
              };
/* End PBXBuildStyle section */

/* Begin PBXContainerItemProxy section */
              E8E9C7EC78144ED99559B9E0 /* PBXContainerItemProxy */ = {
                     isa = PBXContainerItemProxy;
                     containerPortal = 0367F2A8D1E3487C9CD6523A /* Project object */;
                     proxyType = 1;
                     remoteGlobalIDString = 55D8477FA1AA448486A9BAF4;
                     remoteInfo = ZERO_CHECK;
              };
              C759222B847447BDA32AA144 /* PBXContainerItemProxy */ = {
                     isa = PBXContainerItemProxy;
                     containerPortal = 0367F2A8D1E3487C9CD6523A /* Project object */;
                     proxyType = 1;
                     remoteGlobalIDString = 7C792E05F51A4543BBF6F1CB;
                     remoteInfo = crosswords;
              };
              53C58C64FDDD49F2855778E9 /* PBXContainerItemProxy */ = {
                     isa = PBXContainerItemProxy;
                     containerPortal = 0367F2A8D1E3487C9CD6523A /* Project object */;
                     proxyType = 1;
                     remoteGlobalIDString = 55D8477FA1AA448486A9BAF4;
                     remoteInfo = ZERO_CHECK;
              };
              353FE85BE0504A3FB9418D23 /* PBXContainerItemProxy */ = {
                     isa = PBXContainerItemProxy;
                     containerPortal = 0367F2A8D1E3487C9CD6523A /* Project object */;
                     proxyType = 1;
                     remoteGlobalIDString = 5A180A3E8C6645C094AFEE47;
                     remoteInfo = ALL_BUILD;
              };
/* End PBXContainerItemProxy section */

/* Begin PBXFileReference section */
E7B7C4A6FBCF43CD96B2CFB2 /* /Users/he/work/codes-repo/github/codes/c/crossword/CMakeLists.txt */ = {isa = PBXFileReference; explicitFileType = "sourcecode.text"; fileEncoding = 4; name = "CMakeLists.txt"; path = "CMakeLists.txt"; sourceTree = SOURCE_ROOT; };
70B81E2042F540B88C43B57D /* /Users/he/work/codes-repo/github/codes/c/crossword/src/angry.c */ = {isa = PBXFileReference; explicitFileType = "sourcecode.c.c"; fileEncoding = 4; name = "angry.c"; path = "src/angry.c"; sourceTree = SOURCE_ROOT; };
3B106E7A8E494C679F748D40 /* crosswords */ = {isa = PBXFileReference; explicitFileType = "archive.ar"; path = "libcrosswords.a"; refType = 0; sourceTree = BUILT_PRODUCTS_DIR; };
/* End PBXFileReference section */

/* Begin PBXGroup section */
              CE9BADA5914545B5A25EAF2E  = {
                     isa = PBXGroup;
                     children = (
                            484FB8CA0E5E4C3AA225E04E /* Sources */,
                            A1740C76BBE74C1E99E5FB68 /* Resources */,
                            C42F79BCCEF044F9BB20FF03 /* Products */,
                     );
                     sourceTree = "<group>";
              };
              484FB8CA0E5E4C3AA225E04E /* Sources */ = {
                     isa = PBXGroup;
                     children = (
                            668807B58B2A4279B8EEBF1A /* ALL_BUILD */,
                            A99B3420734045E2AD0F3D6D /* ZERO_CHECK */,
                            C2E0F8FB51C644A39AFBD950 /* crosswords */,
                     );
                     name = Sources;
                     sourceTree = "<group>";
              };
              A1740C76BBE74C1E99E5FB68 /* Resources */ = {
                     isa = PBXGroup;
                     children = (
                     );
                     name = Resources;
                     sourceTree = "<group>";
              };
              668807B58B2A4279B8EEBF1A /* ALL_BUILD */ = {
                     isa = PBXGroup;
                     children = (
                            7F108B444DD14DDDB157FD3A /* CMake Rules */,
                            E7B7C4A6FBCF43CD96B2CFB2 /* /Users/he/work/codes-repo/github/codes/c/crossword/CMakeLists.txt */,
                     );
                     name = ALL_BUILD;
                     sourceTree = "<group>";
              };
              7F108B444DD14DDDB157FD3A /* CMake Rules */ = {
                     isa = PBXGroup;
                     children = (
                     );
                     name = "CMake Rules";
                     sourceTree = "<group>";
              };
              A99B3420734045E2AD0F3D6D /* ZERO_CHECK */ = {
                     isa = PBXGroup;
                     children = (
                            95AB02D2FA08476CB51FAF86 /* CMake Rules */,
                            E7B7C4A6FBCF43CD96B2CFB2 /* /Users/he/work/codes-repo/github/codes/c/crossword/CMakeLists.txt */,
                     );
                     name = ZERO_CHECK;
                     sourceTree = "<group>";
              };
              95AB02D2FA08476CB51FAF86 /* CMake Rules */ = {
                     isa = PBXGroup;
                     children = (
                     );
                     name = "CMake Rules";
                     sourceTree = "<group>";
              };
              C2E0F8FB51C644A39AFBD950 /* crosswords */ = {
                     isa = PBXGroup;
                     children = (
                            0CDF91C11AA74F1E8E5F4B38 /* Source Files */,
                            E7B7C4A6FBCF43CD96B2CFB2 /* /Users/he/work/codes-repo/github/codes/c/crossword/CMakeLists.txt */,
                     );
                     name = crosswords;
                     sourceTree = "<group>";
              };
              0CDF91C11AA74F1E8E5F4B38 /* Source Files */ = {
                     isa = PBXGroup;
                     children = (
                            70B81E2042F540B88C43B57D /* /Users/he/work/codes-repo/github/codes/c/crossword/src/angry.c */,
                     );
                     name = "Source Files";
                     sourceTree = "<group>";
              };
              C42F79BCCEF044F9BB20FF03 /* Products */ = {
                     isa = PBXGroup;
                     children = (
                            3B106E7A8E494C679F748D40 /* crosswords */,
                     );
                     name = Products;
                     sourceTree = "<group>";
              };
/* End PBXGroup section */

/* Begin PBXNativeTarget section */
              7C792E05F51A4543BBF6F1CB /* crosswords */ = {
                     isa = PBXNativeTarget;
                     buildConfigurationList = FBB7C13379F24C78BC576792 /* Build configuration list for PBXNativeTarget "crosswords" */;
                     buildPhases = (
                            B2C6A819097F4B3AB97A034B /* Sources */,
                     );
                     buildRules = (
                     );
                     dependencies = (
                            0ABC9FE0265F4E52937B4280 /* PBXTargetDependency */,
                     );
                     name = crosswords;
                     productName = crosswords;
                     productReference = 3B106E7A8E494C679F748D40 /* crosswords */;
                     productType = "com.apple.product-type.library.static";
              };
/* End PBXNativeTarget section */

/* Begin PBXProject section */
              0367F2A8D1E3487C9CD6523A /* Project object */ = {
                     isa = PBXProject;
                     attributes = {
                            BuildIndependentTargetsInParallel = YES;
                     };
                     buildConfigurationList = 3F63B247CC88452CAC7DC9D6 /* Build configuration list for PBXProject  "crosswords" */;
                     buildSettings = {
                     };
                     buildStyles = (
                            8694036E8F564BF0816A4AB4 /* Debug */,
                            E391745D9C934160B094726C /* Release */,
                            E9772FEEFA684771A10B6DDA /* MinSizeRel */,
                            A82D07F7999449B780E82EB0 /* RelWithDebInfo */,
                     );
                     compatibilityVersion = "Xcode 3.2";
                     hasScannedForEncodings = 0;
                     mainGroup = CE9BADA5914545B5A25EAF2E;
                     projectDirPath = "../..";
                     projectRoot = "";
                     targets = (
                            5A180A3E8C6645C094AFEE47 /* ALL_BUILD */,
                            55D8477FA1AA448486A9BAF4 /* ZERO_CHECK */,
                            7C792E05F51A4543BBF6F1CB /* crosswords */,
                            9B6E54B53C3D41E69C56A6BD /* install */,
                     );
              };
/* End PBXProject section */

/* Begin PBXShellScriptBuildPhase section */
              D30B90EDEC4C4E12A888AD17 /*  */ = {
                     isa = PBXShellScriptBuildPhase;
                     buildActionMask = 2147483647;
                     files = (
                     );
                     inputPaths = (
                     );
                     outputPaths = (
                     );
                     runOnlyForDeploymentPostprocessing = 0;
                     shellPath = /bin/sh;
                     shellScript = "# shell script goes here
exit 0";
                     showEnvVarsInLog = 0;
              };
              9EB6434F9924402BA4BD51FD /* CMake Rules */ = {
                     isa = PBXShellScriptBuildPhase;
                     buildActionMask = 2147483647;
                     files = (
                     );
                     name = "CMake Rules";
                     runOnlyForDeploymentPostprocessing = 0;
                     shellPath = /bin/sh;
                     shellScript = "make -C /Users/he/work/codes-repo/github/codes/c/crossword/xcode/ios -f /Users/he/work/codes-repo/github/codes/c/crossword/xcode/ios/CMakeScripts/ALL_BUILD_cmakeRulesBuildPhase.make$CONFIGURATION all";
                     showEnvVarsInLog = 0;
              };
              3DE7122D88C94EBF9F5EE100 /*  */ = {
                     isa = PBXShellScriptBuildPhase;
                     buildActionMask = 2147483647;
                     files = (
                     );
                     inputPaths = (
                     );
                     outputPaths = (
                     );
                     runOnlyForDeploymentPostprocessing = 0;
                     shellPath = /bin/sh;
                     shellScript = "# shell script goes here
exit 0";
                     showEnvVarsInLog = 0;
              };
              14284421528D4970ABC1D889 /* CMake Rules */ = {
                     isa = PBXShellScriptBuildPhase;
                     buildActionMask = 2147483647;
                     files = (
                     );
                     name = "CMake Rules";
                     runOnlyForDeploymentPostprocessing = 0;
                     shellPath = /bin/sh;
                     shellScript = "make -C /Users/he/work/codes-repo/github/codes/c/crossword/xcode/ios -f /Users/he/work/codes-repo/github/codes/c/crossword/xcode/ios/CMakeScripts/ZERO_CHECK_cmakeRulesBuildPhase.make$CONFIGURATION all";
                     showEnvVarsInLog = 0;
              };
              104C83C9636944EE8184B4A4 /*  */ = {
                     isa = PBXShellScriptBuildPhase;
                     buildActionMask = 2147483647;
                     files = (
                     );
                     inputPaths = (
                     );
                     outputPaths = (
                     );
                     runOnlyForDeploymentPostprocessing = 0;
                     shellPath = /bin/sh;
                     shellScript = "# shell script goes here
exit 0";
                     showEnvVarsInLog = 0;
              };
              CF4DC9B10EE646D693E248E4 /* CMake PostBuild Rules */ = {
                     isa = PBXShellScriptBuildPhase;
                     buildActionMask = 2147483647;
                     files = (
                     );
                     name = "CMake PostBuild Rules";
                     runOnlyForDeploymentPostprocessing = 0;
                     shellPath = /bin/sh;
                     shellScript = "make -C /Users/he/work/codes-repo/github/codes/c/crossword/xcode/ios -f /Users/he/work/codes-repo/github/codes/c/crossword/xcode/ios/CMakeScripts/install_postBuildPhase.make$CONFIGURATION all";
                     showEnvVarsInLog = 0;
              };
/* End PBXShellScriptBuildPhase section */

/* Begin PBXSourcesBuildPhase section */
              B2C6A819097F4B3AB97A034B /* Sources */ = {
                     isa = PBXSourcesBuildPhase;
                     buildActionMask = 2147483647;
                     files = (
                            8C609613F4D84468BEE74868 /* /Users/he/work/codes-repo/github/codes/c/crossword/src/angry.c */,
                     );
                     runOnlyForDeploymentPostprocessing = 0;
              };
/* End PBXSourcesBuildPhase section */

/* Begin PBXTargetDependency section */
              A3633485410B487B8C080DD5 /* PBXTargetDependency */ = {
                     isa = PBXTargetDependency;
                     target = 55D8477FA1AA448486A9BAF4 /* ZERO_CHECK */;
                     targetProxy = E8E9C7EC78144ED99559B9E0 /* PBXContainerItemProxy */;
              };
              7D9F1561C2AD4603B52F7F7D /* PBXTargetDependency */ = {
                     isa = PBXTargetDependency;
                     target = 7C792E05F51A4543BBF6F1CB /* crosswords */;
                     targetProxy = C759222B847447BDA32AA144 /* PBXContainerItemProxy */;
              };
              0ABC9FE0265F4E52937B4280 /* PBXTargetDependency */ = {
                     isa = PBXTargetDependency;
                     target = 55D8477FA1AA448486A9BAF4 /* ZERO_CHECK */;
                     targetProxy = 53C58C64FDDD49F2855778E9 /* PBXContainerItemProxy */;
              };
              2A042C7F123A47B2BF2C178E /* PBXTargetDependency */ = {
                     isa = PBXTargetDependency;
                     target = 5A180A3E8C6645C094AFEE47 /* ALL_BUILD */;
                     targetProxy = 353FE85BE0504A3FB9418D23 /* PBXContainerItemProxy */;
              };
/* End PBXTargetDependency section */

/* Begin XCBuildConfiguration section */
              6B1C9D40FDB44D839D58BC82 /* Debug */ = {
                     isa = XCBuildConfiguration;
                     buildSettings = {
                            ARCHS = armv7;
                            SDKROOT = "/Applications/Xcode.app/Contents/Developer/Platforms/iPhoneOS.platform/Developer/SDKs/iPhoneOS7.0.sdk";
                            SYMROOT = "/Users/he/work/codes-repo/github/codes/c/crossword/xcode/ios/build";
                     };
                     name = Debug;
              };
              B08CDFAD53274D0296F5F9EE /* Release */ = {
                     isa = XCBuildConfiguration;
                     buildSettings = {
                            ARCHS = armv7;
                            SDKROOT = "/Applications/Xcode.app/Contents/Developer/Platforms/iPhoneOS.platform/Developer/SDKs/iPhoneOS7.0.sdk";
                            SYMROOT = "/Users/he/work/codes-repo/github/codes/c/crossword/xcode/ios/build";
                     };
                     name = Release;
              };
              ADE297B3FDE24E0DA29C149A /* MinSizeRel */ = {
                     isa = XCBuildConfiguration;
                     buildSettings = {
                            ARCHS = armv7;
                            SDKROOT = "/Applications/Xcode.app/Contents/Developer/Platforms/iPhoneOS.platform/Developer/SDKs/iPhoneOS7.0.sdk";
                            SYMROOT = "/Users/he/work/codes-repo/github/codes/c/crossword/xcode/ios/build";
                     };
                     name = MinSizeRel;
              };
              4B2CAA226BEC4BA1AA821B44 /* RelWithDebInfo */ = {
                     isa = XCBuildConfiguration;
                     buildSettings = {
                            ARCHS = armv7;
                            SDKROOT = "/Applications/Xcode.app/Contents/Developer/Platforms/iPhoneOS.platform/Developer/SDKs/iPhoneOS7.0.sdk";
                            SYMROOT = "/Users/he/work/codes-repo/github/codes/c/crossword/xcode/ios/build";
                     };
                     name = RelWithDebInfo;
              };
              774196D0CDA84D8682FE6F0A /* Debug */ = {
                     isa = XCBuildConfiguration;
                     buildSettings = {
                            ARCHS = armv7;
                            COMBINE_HIDPI_IMAGES = YES;
                            GCC_GENERATE_DEBUGGING_SYMBOLS = NO;
                            GCC_INLINES_ARE_PRIVATE_EXTERN = NO;
                            GCC_OPTIMIZATION_LEVEL = 0;
                            GCC_PREPROCESSOR_DEFINITIONS = ("'CMAKE_INTDIR=\"$(CONFIGURATION)$(EFFECTIVE_PLATFORM_NAME)\"'", );
                            GCC_SYMBOLS_PRIVATE_EXTERN = NO;
                            INSTALL_PATH = "";
                            ONLY_ACTIVE_ARCH = NO;
                            OTHER_CFLAGS = "  ";
                            OTHER_LDFLAGS = " ";
                            OTHER_REZFLAGS = "";
                            PRODUCT_NAME = ALL_BUILD;
                            SECTORDER_FLAGS = "";
                            SYMROOT = "/Users/he/work/codes-repo/github/codes/c/crossword/xcode/ios";
                            USE_HEADERMAP = NO;
                            WARNING_CFLAGS = ("-Wmost", "-Wno-four-char-constants", "-Wno-unknown-pragmas", );
                     };
                     name = Debug;
              };
              99A34D2B6A3345FFB2A73FB0 /* Release */ = {
                     isa = XCBuildConfiguration;
                     buildSettings = {
                            ARCHS = armv7;
                            COMBINE_HIDPI_IMAGES = YES;
                            GCC_GENERATE_DEBUGGING_SYMBOLS = NO;
                            GCC_INLINES_ARE_PRIVATE_EXTERN = NO;
                            GCC_OPTIMIZATION_LEVEL = 0;
                            GCC_PREPROCESSOR_DEFINITIONS = ("'CMAKE_INTDIR=\"$(CONFIGURATION)$(EFFECTIVE_PLATFORM_NAME)\"'", );
                            GCC_SYMBOLS_PRIVATE_EXTERN = NO;
                            INSTALL_PATH = "";
                            ONLY_ACTIVE_ARCH = NO;
                            OTHER_CFLAGS = "  ";
                            OTHER_LDFLAGS = " ";
                            OTHER_REZFLAGS = "";
                            PRODUCT_NAME = ALL_BUILD;
                            SECTORDER_FLAGS = "";
                            SYMROOT = "/Users/he/work/codes-repo/github/codes/c/crossword/xcode/ios";
                            USE_HEADERMAP = NO;
                            WARNING_CFLAGS = ("-Wmost", "-Wno-four-char-constants", "-Wno-unknown-pragmas", );
                     };
                     name = Release;
              };
              976AB2AB6E7A457FB73E0CA4 /* MinSizeRel */ = {
                     isa = XCBuildConfiguration;
                     buildSettings = {
                            ARCHS = armv7;
                            COMBINE_HIDPI_IMAGES = YES;
                            GCC_GENERATE_DEBUGGING_SYMBOLS = NO;
                            GCC_INLINES_ARE_PRIVATE_EXTERN = NO;
                            GCC_OPTIMIZATION_LEVEL = 0;
                            GCC_PREPROCESSOR_DEFINITIONS = ("'CMAKE_INTDIR=\"$(CONFIGURATION)$(EFFECTIVE_PLATFORM_NAME)\"'", );
                            GCC_SYMBOLS_PRIVATE_EXTERN = NO;
                            INSTALL_PATH = "";
                            ONLY_ACTIVE_ARCH = NO;
                            OTHER_CFLAGS = "  ";
                            OTHER_LDFLAGS = " ";
                            OTHER_REZFLAGS = "";
                            PRODUCT_NAME = ALL_BUILD;
                            SECTORDER_FLAGS = "";
                            SYMROOT = "/Users/he/work/codes-repo/github/codes/c/crossword/xcode/ios";
                            USE_HEADERMAP = NO;
                            WARNING_CFLAGS = ("-Wmost", "-Wno-four-char-constants", "-Wno-unknown-pragmas", );
                     };
                     name = MinSizeRel;
              };
              CC33958DC5FD4ABAB8AC37F7 /* RelWithDebInfo */ = {
                     isa = XCBuildConfiguration;
                     buildSettings = {
                            ARCHS = armv7;
                            COMBINE_HIDPI_IMAGES = YES;
                            GCC_GENERATE_DEBUGGING_SYMBOLS = NO;
                            GCC_INLINES_ARE_PRIVATE_EXTERN = NO;
                            GCC_OPTIMIZATION_LEVEL = 0;
                            GCC_PREPROCESSOR_DEFINITIONS = ("'CMAKE_INTDIR=\"$(CONFIGURATION)$(EFFECTIVE_PLATFORM_NAME)\"'", );
                            GCC_SYMBOLS_PRIVATE_EXTERN = NO;
                            INSTALL_PATH = "";
                            ONLY_ACTIVE_ARCH = NO;
                            OTHER_CFLAGS = "  ";
                            OTHER_LDFLAGS = " ";
                            OTHER_REZFLAGS = "";
                            PRODUCT_NAME = ALL_BUILD;
                            SECTORDER_FLAGS = "";
                            SYMROOT = "/Users/he/work/codes-repo/github/codes/c/crossword/xcode/ios";
                            USE_HEADERMAP = NO;
                            WARNING_CFLAGS = ("-Wmost", "-Wno-four-char-constants", "-Wno-unknown-pragmas", );
                     };
                     name = RelWithDebInfo;
              };
              3B8495886C0345DE92F63AED /* Debug */ = {
                     isa = XCBuildConfiguration;
                     buildSettings = {
                            ARCHS = armv7;
                            COMBINE_HIDPI_IMAGES = YES;
                            GCC_GENERATE_DEBUGGING_SYMBOLS = NO;
                            GCC_INLINES_ARE_PRIVATE_EXTERN = NO;
                            GCC_OPTIMIZATION_LEVEL = 0;
                            GCC_PREPROCESSOR_DEFINITIONS = ("'CMAKE_INTDIR=\"$(CONFIGURATION)$(EFFECTIVE_PLATFORM_NAME)\"'", );
                            GCC_SYMBOLS_PRIVATE_EXTERN = NO;
                            INSTALL_PATH = "";
                            ONLY_ACTIVE_ARCH = NO;
                            OTHER_CFLAGS = "  ";
                            OTHER_LDFLAGS = " ";
                            OTHER_REZFLAGS = "";
                            PRODUCT_NAME = ZERO_CHECK;
                            SECTORDER_FLAGS = "";
                            SYMROOT = "/Users/he/work/codes-repo/github/codes/c/crossword/xcode/ios";
                            USE_HEADERMAP = NO;
                            WARNING_CFLAGS = ("-Wmost", "-Wno-four-char-constants", "-Wno-unknown-pragmas", );
                     };
                     name = Debug;
              };
              0BDBA9F77FEC4432BC3E87A7 /* Release */ = {
                     isa = XCBuildConfiguration;
                     buildSettings = {
                            ARCHS = armv7;
                            COMBINE_HIDPI_IMAGES = YES;
                            GCC_GENERATE_DEBUGGING_SYMBOLS = NO;
                            GCC_INLINES_ARE_PRIVATE_EXTERN = NO;
                            GCC_OPTIMIZATION_LEVEL = 0;
                            GCC_PREPROCESSOR_DEFINITIONS = ("'CMAKE_INTDIR=\"$(CONFIGURATION)$(EFFECTIVE_PLATFORM_NAME)\"'", );
                            GCC_SYMBOLS_PRIVATE_EXTERN = NO;
                            INSTALL_PATH = "";
                            ONLY_ACTIVE_ARCH = NO;
                            OTHER_CFLAGS = "  ";
                            OTHER_LDFLAGS = " ";
                            OTHER_REZFLAGS = "";
                            PRODUCT_NAME = ZERO_CHECK;
                            SECTORDER_FLAGS = "";
                            SYMROOT = "/Users/he/work/codes-repo/github/codes/c/crossword/xcode/ios";
                            USE_HEADERMAP = NO;
                            WARNING_CFLAGS = ("-Wmost", "-Wno-four-char-constants", "-Wno-unknown-pragmas", );
                     };
                     name = Release;
              };
              9BEA55D0A8064690B935A1C6 /* MinSizeRel */ = {
                     isa = XCBuildConfiguration;
                     buildSettings = {
                            ARCHS = armv7;
                            COMBINE_HIDPI_IMAGES = YES;
                            GCC_GENERATE_DEBUGGING_SYMBOLS = NO;
                            GCC_INLINES_ARE_PRIVATE_EXTERN = NO;
                            GCC_OPTIMIZATION_LEVEL = 0;
                            GCC_PREPROCESSOR_DEFINITIONS = ("'CMAKE_INTDIR=\"$(CONFIGURATION)$(EFFECTIVE_PLATFORM_NAME)\"'", );
                            GCC_SYMBOLS_PRIVATE_EXTERN = NO;
                            INSTALL_PATH = "";
                            ONLY_ACTIVE_ARCH = NO;
                            OTHER_CFLAGS = "  ";
                            OTHER_LDFLAGS = " ";
                            OTHER_REZFLAGS = "";
                            PRODUCT_NAME = ZERO_CHECK;
                            SECTORDER_FLAGS = "";
                            SYMROOT = "/Users/he/work/codes-repo/github/codes/c/crossword/xcode/ios";
                            USE_HEADERMAP = NO;
                            WARNING_CFLAGS = ("-Wmost", "-Wno-four-char-constants", "-Wno-unknown-pragmas", );
                     };
                     name = MinSizeRel;
              };
              D9D6A9C2DC84438D874BE633 /* RelWithDebInfo */ = {
                     isa = XCBuildConfiguration;
                     buildSettings = {
                            ARCHS = armv7;
                            COMBINE_HIDPI_IMAGES = YES;
                            GCC_GENERATE_DEBUGGING_SYMBOLS = NO;
                            GCC_INLINES_ARE_PRIVATE_EXTERN = NO;
                            GCC_OPTIMIZATION_LEVEL = 0;
                            GCC_PREPROCESSOR_DEFINITIONS = ("'CMAKE_INTDIR=\"$(CONFIGURATION)$(EFFECTIVE_PLATFORM_NAME)\"'", );
                            GCC_SYMBOLS_PRIVATE_EXTERN = NO;
                            INSTALL_PATH = "";
                            ONLY_ACTIVE_ARCH = NO;
                            OTHER_CFLAGS = "  ";
                            OTHER_LDFLAGS = " ";
                            OTHER_REZFLAGS = "";
                            PRODUCT_NAME = ZERO_CHECK;
                            SECTORDER_FLAGS = "";
                            SYMROOT = "/Users/he/work/codes-repo/github/codes/c/crossword/xcode/ios";
                            USE_HEADERMAP = NO;
                            WARNING_CFLAGS = ("-Wmost", "-Wno-four-char-constants", "-Wno-unknown-pragmas", );
                     };
                     name = RelWithDebInfo;
              };
              934A5DB086F94AE2A39AE369 /* Debug */ = {
                     isa = XCBuildConfiguration;
                     buildSettings = {
                            ARCHS = armv7;
                            COMBINE_HIDPI_IMAGES = YES;
                            EXECUTABLE_PREFIX = lib;
                            EXECUTABLE_SUFFIX = ".a";
                            GCC_GENERATE_DEBUGGING_SYMBOLS = YES;
                            GCC_INLINES_ARE_PRIVATE_EXTERN = NO;
                            GCC_OPTIMIZATION_LEVEL = 0;
                            GCC_PREPROCESSOR_DEFINITIONS = ("'CMAKE_INTDIR=\"$(CONFIGURATION)$(EFFECTIVE_PLATFORM_NAME)\"'", );
                            GCC_SYMBOLS_PRIVATE_EXTERN = NO;
                            INSTALL_PATH = "";
                            LIBRARY_STYLE = STATIC;
                            ONLY_ACTIVE_ARCH = NO;
                            OTHER_CFLAGS = "    ";
                            OTHER_LDFLAGS = " ";
                            OTHER_REZFLAGS = "";
                            PRODUCT_NAME = crosswords;
                            SECTORDER_FLAGS = "";
                            SYMROOT = "/Users/he/work/codes-repo/github/codes/c/crossword/xcode/ios";
                            USE_HEADERMAP = NO;
                            WARNING_CFLAGS = ("-Wmost", "-Wno-four-char-constants", "-Wno-unknown-pragmas", );
                     };
                     name = Debug;
              };
              349A4F5983A646ADA1001CC2 /* Release */ = {
                     isa = XCBuildConfiguration;
                     buildSettings = {
                            ARCHS = armv7;
                            COMBINE_HIDPI_IMAGES = YES;
                            EXECUTABLE_PREFIX = lib;
                            EXECUTABLE_SUFFIX = ".a";
                            GCC_GENERATE_DEBUGGING_SYMBOLS = NO;
                            GCC_INLINES_ARE_PRIVATE_EXTERN = NO;
                            GCC_OPTIMIZATION_LEVEL = 3;
                            GCC_PREPROCESSOR_DEFINITIONS = ("'CMAKE_INTDIR=\"$(CONFIGURATION)$(EFFECTIVE_PLATFORM_NAME)\"'", );
                            GCC_SYMBOLS_PRIVATE_EXTERN = NO;
                            INSTALL_PATH = "";
                            LIBRARY_STYLE = STATIC;
                            ONLY_ACTIVE_ARCH = NO;
                            OTHER_CFLAGS = "    -DNDEBUG  ";
                            OTHER_LDFLAGS = " ";
                            OTHER_REZFLAGS = "";
                            PRODUCT_NAME = crosswords;
                            SECTORDER_FLAGS = "";
                            SYMROOT = "/Users/he/work/codes-repo/github/codes/c/crossword/xcode/ios";
                            USE_HEADERMAP = NO;
                            WARNING_CFLAGS = ("-Wmost", "-Wno-four-char-constants", "-Wno-unknown-pragmas", );
                     };
                     name = Release;
              };
              EFAFF339F5CF47CFB93FA7E1 /* MinSizeRel */ = {
                     isa = XCBuildConfiguration;
                     buildSettings = {
                            ARCHS = armv7;
                            COMBINE_HIDPI_IMAGES = YES;
                            EXECUTABLE_PREFIX = lib;
                            EXECUTABLE_SUFFIX = ".a";
                            GCC_GENERATE_DEBUGGING_SYMBOLS = NO;
                            GCC_INLINES_ARE_PRIVATE_EXTERN = NO;
                            GCC_OPTIMIZATION_LEVEL = s;
                            GCC_PREPROCESSOR_DEFINITIONS = ("'CMAKE_INTDIR=\"$(CONFIGURATION)$(EFFECTIVE_PLATFORM_NAME)\"'", );
                            GCC_SYMBOLS_PRIVATE_EXTERN = NO;
                            INSTALL_PATH = "";
                            LIBRARY_STYLE = STATIC;
                            ONLY_ACTIVE_ARCH = NO;
                            OTHER_CFLAGS = "    -DNDEBUG  ";
                            OTHER_LDFLAGS = " ";
                            OTHER_REZFLAGS = "";
                            PRODUCT_NAME = crosswords;
                            SECTORDER_FLAGS = "";
                            SYMROOT = "/Users/he/work/codes-repo/github/codes/c/crossword/xcode/ios";
                            USE_HEADERMAP = NO;
                            WARNING_CFLAGS = ("-Wmost", "-Wno-four-char-constants", "-Wno-unknown-pragmas", );
                     };
                     name = MinSizeRel;
              };
              F1E1AC8A3D1F429E9498CC57 /* RelWithDebInfo */ = {
                     isa = XCBuildConfiguration;
                     buildSettings = {
                            ARCHS = armv7;
                            COMBINE_HIDPI_IMAGES = YES;
                            EXECUTABLE_PREFIX = lib;
                            EXECUTABLE_SUFFIX = ".a";
                            GCC_GENERATE_DEBUGGING_SYMBOLS = YES;
                            GCC_INLINES_ARE_PRIVATE_EXTERN = NO;
                            GCC_OPTIMIZATION_LEVEL = 2;
                            GCC_PREPROCESSOR_DEFINITIONS = ("'CMAKE_INTDIR=\"$(CONFIGURATION)$(EFFECTIVE_PLATFORM_NAME)\"'", );
                            GCC_SYMBOLS_PRIVATE_EXTERN = NO;
                            INSTALL_PATH = "";
                            LIBRARY_STYLE = STATIC;
                            ONLY_ACTIVE_ARCH = NO;
                            OTHER_CFLAGS = "       -DNDEBUG  ";
                            OTHER_LDFLAGS = " ";
                            OTHER_REZFLAGS = "";
                            PRODUCT_NAME = crosswords;
                            SECTORDER_FLAGS = "";
                            SYMROOT = "/Users/he/work/codes-repo/github/codes/c/crossword/xcode/ios";
                            USE_HEADERMAP = NO;
                            WARNING_CFLAGS = ("-Wmost", "-Wno-four-char-constants", "-Wno-unknown-pragmas", );
                     };
                     name = RelWithDebInfo;
              };
              D0036B0010394B9E811D2027 /* Debug */ = {
                     isa = XCBuildConfiguration;
                     buildSettings = {
                            ARCHS = armv7;
                            COMBINE_HIDPI_IMAGES = YES;
                            GCC_GENERATE_DEBUGGING_SYMBOLS = NO;
                            GCC_INLINES_ARE_PRIVATE_EXTERN = NO;
                            GCC_OPTIMIZATION_LEVEL = 0;
                            GCC_PREPROCESSOR_DEFINITIONS = ("'CMAKE_INTDIR=\"$(CONFIGURATION)$(EFFECTIVE_PLATFORM_NAME)\"'", );
                            GCC_SYMBOLS_PRIVATE_EXTERN = NO;
                            INSTALL_PATH = "";
                            ONLY_ACTIVE_ARCH = NO;
                            OTHER_CFLAGS = "  ";
                            OTHER_LDFLAGS = " ";
                            OTHER_REZFLAGS = "";
                            PRODUCT_NAME = install;
                            SECTORDER_FLAGS = "";
                            SYMROOT = "/Users/he/work/codes-repo/github/codes/c/crossword/xcode/ios";
                            USE_HEADERMAP = NO;
                            WARNING_CFLAGS = ("-Wmost", "-Wno-four-char-constants", "-Wno-unknown-pragmas", );
                     };
                     name = Debug;
              };
              6022009FABDE4970B4922BB9 /* Release */ = {
                     isa = XCBuildConfiguration;
                     buildSettings = {
                            ARCHS = armv7;
                            COMBINE_HIDPI_IMAGES = YES;
                            GCC_GENERATE_DEBUGGING_SYMBOLS = NO;
                            GCC_INLINES_ARE_PRIVATE_EXTERN = NO;
                            GCC_OPTIMIZATION_LEVEL = 0;
                            GCC_PREPROCESSOR_DEFINITIONS = ("'CMAKE_INTDIR=\"$(CONFIGURATION)$(EFFECTIVE_PLATFORM_NAME)\"'", );
                            GCC_SYMBOLS_PRIVATE_EXTERN = NO;
                            INSTALL_PATH = "";
                            ONLY_ACTIVE_ARCH = NO;
                            OTHER_CFLAGS = "  ";
                            OTHER_LDFLAGS = " ";
                            OTHER_REZFLAGS = "";
                            PRODUCT_NAME = install;
                            SECTORDER_FLAGS = "";
                            SYMROOT = "/Users/he/work/codes-repo/github/codes/c/crossword/xcode/ios";
                            USE_HEADERMAP = NO;
                            WARNING_CFLAGS = ("-Wmost", "-Wno-four-char-constants", "-Wno-unknown-pragmas", );
                     };
                     name = Release;
              };
              FC55E21A443E4077836C63C0 /* MinSizeRel */ = {
                     isa = XCBuildConfiguration;
                     buildSettings = {
                            ARCHS = armv7;
                            COMBINE_HIDPI_IMAGES = YES;
                            GCC_GENERATE_DEBUGGING_SYMBOLS = NO;
                            GCC_INLINES_ARE_PRIVATE_EXTERN = NO;
                            GCC_OPTIMIZATION_LEVEL = 0;
                            GCC_PREPROCESSOR_DEFINITIONS = ("'CMAKE_INTDIR=\"$(CONFIGURATION)$(EFFECTIVE_PLATFORM_NAME)\"'", );
                            GCC_SYMBOLS_PRIVATE_EXTERN = NO;
                            INSTALL_PATH = "";
                            ONLY_ACTIVE_ARCH = NO;
                            OTHER_CFLAGS = "  ";
                            OTHER_LDFLAGS = " ";
                            OTHER_REZFLAGS = "";
                            PRODUCT_NAME = install;
                            SECTORDER_FLAGS = "";
                            SYMROOT = "/Users/he/work/codes-repo/github/codes/c/crossword/xcode/ios";
                            USE_HEADERMAP = NO;
                            WARNING_CFLAGS = ("-Wmost", "-Wno-four-char-constants", "-Wno-unknown-pragmas", );
                     };
                     name = MinSizeRel;
              };
              8AB9DD8C7A04489DB11741FE /* RelWithDebInfo */ = {
                     isa = XCBuildConfiguration;
                     buildSettings = {
                            ARCHS = armv7;
                            COMBINE_HIDPI_IMAGES = YES;
                            GCC_GENERATE_DEBUGGING_SYMBOLS = NO;
                            GCC_INLINES_ARE_PRIVATE_EXTERN = NO;
                            GCC_OPTIMIZATION_LEVEL = 0;
                            GCC_PREPROCESSOR_DEFINITIONS = ("'CMAKE_INTDIR=\"$(CONFIGURATION)$(EFFECTIVE_PLATFORM_NAME)\"'", );
                            GCC_SYMBOLS_PRIVATE_EXTERN = NO;
                            INSTALL_PATH = "";
                            ONLY_ACTIVE_ARCH = NO;
                            OTHER_CFLAGS = "  ";
                            OTHER_LDFLAGS = " ";
                            OTHER_REZFLAGS = "";
                            PRODUCT_NAME = install;
                            SECTORDER_FLAGS = "";
                            SYMROOT = "/Users/he/work/codes-repo/github/codes/c/crossword/xcode/ios";
                            USE_HEADERMAP = NO;
                            WARNING_CFLAGS = ("-Wmost", "-Wno-four-char-constants", "-Wno-unknown-pragmas", );
                     };
                     name = RelWithDebInfo;
              };
/* End XCBuildConfiguration section */

/* Begin XCConfigurationList section */
              3F63B247CC88452CAC7DC9D6 /* Build configuration list for PBXProject  "crosswords" */ = {
                     isa = XCConfigurationList;
                     buildConfigurations = (
                            6B1C9D40FDB44D839D58BC82 /* Debug */,
                            B08CDFAD53274D0296F5F9EE /* Release */,
                            ADE297B3FDE24E0DA29C149A /* MinSizeRel */,
                            4B2CAA226BEC4BA1AA821B44 /* RelWithDebInfo */,
                     );
                     defaultConfigurationIsVisible = 0;
                     defaultConfigurationName = Debug;
              };
              A6300753467F44308FA71614 /* Build configuration list for PBXAggregateTarget "ALL_BUILD" */ = {
                     isa = XCConfigurationList;
                     buildConfigurations = (
                            774196D0CDA84D8682FE6F0A /* Debug */,
                            99A34D2B6A3345FFB2A73FB0 /* Release */,
                            976AB2AB6E7A457FB73E0CA4 /* MinSizeRel */,
                            CC33958DC5FD4ABAB8AC37F7 /* RelWithDebInfo */,
                     );
                     defaultConfigurationIsVisible = 0;
                     defaultConfigurationName = Debug;
              };
              E5E1239825994DC48F4901D2 /* Build configuration list for PBXAggregateTarget "ZERO_CHECK" */ = {
                     isa = XCConfigurationList;
                     buildConfigurations = (
                            3B8495886C0345DE92F63AED /* Debug */,
                            0BDBA9F77FEC4432BC3E87A7 /* Release */,
                            9BEA55D0A8064690B935A1C6 /* MinSizeRel */,
                            D9D6A9C2DC84438D874BE633 /* RelWithDebInfo */,
                     );
                     defaultConfigurationIsVisible = 0;
                     defaultConfigurationName = Debug;
              };
              FBB7C13379F24C78BC576792 /* Build configuration list for PBXNativeTarget "crosswords" */ = {
                     isa = XCConfigurationList;
                     buildConfigurations = (
                            934A5DB086F94AE2A39AE369 /* Debug */,
                            349A4F5983A646ADA1001CC2 /* Release */,
                            EFAFF339F5CF47CFB93FA7E1 /* MinSizeRel */,
                            F1E1AC8A3D1F429E9498CC57 /* RelWithDebInfo */,
                     );
                     defaultConfigurationIsVisible = 0;
                     defaultConfigurationName = Debug;
              };
              862AC325181F4691AE68ACC8 /* Build configuration list for PBXAggregateTarget "install" */ = {
                     isa = XCConfigurationList;
                     buildConfigurations = (
                            D0036B0010394B9E811D2027 /* Debug */,
                            6022009FABDE4970B4922BB9 /* Release */,
                            FC55E21A443E4077836C63C0 /* MinSizeRel */,
                            8AB9DD8C7A04489DB11741FE /* RelWithDebInfo */,
                     );
                     defaultConfigurationIsVisible = 0;
                     defaultConfigurationName = Debug;
              };
/* End XCConfigurationList section */
       };
       rootObject = 0367F2A8D1E3487C9CD6523A;
}
