// !$*UTF8*$!
{
	archiveVersion = 1;
	classes = {
	};
	objectVersion = 46;
	objects = {

/* Begin PBXBuildFile section */
		872CEA1E19C08DFE00DBD997 /* audios.bundle in Resources */ = {isa = PBXBuildFile; fileRef = 872CEA1D19C08DFE00DBD997 /* audios.bundle */; };
		87A99DEC19BDA4FA00586D07 /* ReaderEventListener.mm in Sources */ = {isa = PBXBuildFile; fileRef = 87A99DEB19BDA4FA00586D07 /* ReaderEventListener.mm */; };
		87AB2A5819BB4077000D5549 /* UIKit.framework in Frameworks */ = {isa = PBXBuildFile; fileRef = 87AB2A5719BB4077000D5549 /* UIKit.framework */; };
		87AB2A5A19BB4077000D5549 /* Foundation.framework in Frameworks */ = {isa = PBXBuildFile; fileRef = 87AB2A5919BB4077000D5549 /* Foundation.framework */; };
		87AB2A5C19BB4077000D5549 /* CoreGraphics.framework in Frameworks */ = {isa = PBXBuildFile; fileRef = 87AB2A5B19BB4077000D5549 /* CoreGraphics.framework */; };
		87AB2A6219BB4077000D5549 /* InfoPlist.strings in Resources */ = {isa = PBXBuildFile; fileRef = 87AB2A6019BB4077000D5549 /* InfoPlist.strings */; };
		87AB2A6419BB4077000D5549 /* main.m in Sources */ = {isa = PBXBuildFile; fileRef = 87AB2A6319BB4077000D5549 /* main.m */; };
		87AB2A6819BB4077000D5549 /* JlAppDelegate.mm in Sources */ = {isa = PBXBuildFile; fileRef = 87AB2A6719BB4077000D5549 /* JlAppDelegate.mm */; };
		87AB2A6A19BB4077000D5549 /* Default.png in Resources */ = {isa = PBXBuildFile; fileRef = 87AB2A6919BB4077000D5549 /* Default.png */; };
		87AB2A6C19BB4077000D5549 /* Default@2x.png in Resources */ = {isa = PBXBuildFile; fileRef = 87AB2A6B19BB4077000D5549 /* Default@2x.png */; };
		87AB2A6E19BB4077000D5549 /* Default-568h@2x.png in Resources */ = {isa = PBXBuildFile; fileRef = 87AB2A6D19BB4077000D5549 /* Default-568h@2x.png */; };
		87AB2A7119BB4077000D5549 /* JlViewController.mm in Sources */ = {isa = PBXBuildFile; fileRef = 87AB2A7019BB4077000D5549 /* JlViewController.mm */; };
		87AB2A7419BB4077000D5549 /* JlViewController_iPhone.xib in Resources */ = {isa = PBXBuildFile; fileRef = 87AB2A7219BB4077000D5549 /* JlViewController_iPhone.xib */; };
		87AB2A7719BB4077000D5549 /* JlViewController_iPad.xib in Resources */ = {isa = PBXBuildFile; fileRef = 87AB2A7519BB4077000D5549 /* JlViewController_iPad.xib */; };
		87AB2A7F19BB4077000D5549 /* SenTestingKit.framework in Frameworks */ = {isa = PBXBuildFile; fileRef = 87AB2A7E19BB4077000D5549 /* SenTestingKit.framework */; };
		87AB2A8019BB4077000D5549 /* UIKit.framework in Frameworks */ = {isa = PBXBuildFile; fileRef = 87AB2A5719BB4077000D5549 /* UIKit.framework */; };
		87AB2A8119BB4077000D5549 /* Foundation.framework in Frameworks */ = {isa = PBXBuildFile; fileRef = 87AB2A5919BB4077000D5549 /* Foundation.framework */; };
		87AB2A8919BB4077000D5549 /* InfoPlist.strings in Resources */ = {isa = PBXBuildFile; fileRef = 87AB2A8719BB4077000D5549 /* InfoPlist.strings */; };
		87AB2A8C19BB4077000D5549 /* jlTests.m in Sources */ = {isa = PBXBuildFile; fileRef = 87AB2A8B19BB4077000D5549 /* jlTests.m */; };
		87AB2AF219BB4AB4000D5549 /* AudioInfo.cpp in Sources */ = {isa = PBXBuildFile; fileRef = 87AB2ACB19BB4AB4000D5549 /* AudioInfo.cpp */; };
		87AB2AF319BB4AB4000D5549 /* Course.cpp in Sources */ = {isa = PBXBuildFile; fileRef = 87AB2ACD19BB4AB4000D5549 /* Course.cpp */; };
		87AB2AF419BB4AB4000D5549 /* UrlSetting.cpp in Sources */ = {isa = PBXBuildFile; fileRef = 87AB2ACF19BB4AB4000D5549 /* UrlSetting.cpp */; };
		87AB2AF519BB4AB4000D5549 /* JpwordReader.cpp in Sources */ = {isa = PBXBuildFile; fileRef = 87AB2AD519BB4AB4000D5549 /* JpwordReader.cpp */; };
		87AB2AF619BB4AB4000D5549 /* DownloadEventListener.cpp in Sources */ = {isa = PBXBuildFile; fileRef = 87AB2AD819BB4AB4000D5549 /* DownloadEventListener.cpp */; };
		87AB2AF819BB4AB4000D5549 /* UnzipEventListener.cpp in Sources */ = {isa = PBXBuildFile; fileRef = 87AB2ADC19BB4AB4000D5549 /* UnzipEventListener.cpp */; };
		87AB2AF919BB4AB4000D5549 /* LevelsInfo.cpp in Sources */ = {isa = PBXBuildFile; fileRef = 87AB2ADF19BB4AB4000D5549 /* LevelsInfo.cpp */; };
		87AB2AFA19BB4AB4000D5549 /* State.cpp in Sources */ = {isa = PBXBuildFile; fileRef = 87AB2AE119BB4AB4000D5549 /* State.cpp */; };
		87AB2AFB19BB4AB4000D5549 /* CourseUtils.cpp in Sources */ = {isa = PBXBuildFile; fileRef = 87AB2AE519BB4AB4000D5549 /* CourseUtils.cpp */; };
		87AB2AFC19BB4AB4000D5549 /* NetworkSupport.cpp in Sources */ = {isa = PBXBuildFile; fileRef = 87AB2AE719BB4AB4000D5549 /* NetworkSupport.cpp */; };
		87AB2AFD19BB4AB4000D5549 /* UnitUtils.cpp in Sources */ = {isa = PBXBuildFile; fileRef = 87AB2AE919BB4AB4000D5549 /* UnitUtils.cpp */; };
		87AB2AFE19BB4AB4000D5549 /* DataUtils.cpp in Sources */ = {isa = PBXBuildFile; fileRef = 87AB2AEC19BB4AB4000D5549 /* DataUtils.cpp */; };
		87AC445419BCA4100064B65A /* OsSupport.mm in Sources */ = {isa = PBXBuildFile; fileRef = 87AC445219BCA4100064B65A /* OsSupport.mm */; };
		87AC445619BCA7B60064B65A /* AVFoundation.framework in Frameworks */ = {isa = PBXBuildFile; fileRef = 87AC445519BCA7B60064B65A /* AVFoundation.framework */; };
		87AC445919BD3D5F0064B65A /* IOUtils.mm in Sources */ = {isa = PBXBuildFile; fileRef = 87AC445719BD3D5E0064B65A /* IOUtils.mm */; };
		87B3A10A19C5C027009480A2 /* AudioInfoUtils.cpp in Sources */ = {isa = PBXBuildFile; fileRef = 87B3A10819C5C027009480A2 /* AudioInfoUtils.cpp */; };
/* End PBXBuildFile section */

/* Begin PBXContainerItemProxy section */
		87AB2A8219BB4077000D5549 /* PBXContainerItemProxy */ = {
			isa = PBXContainerItemProxy;
			containerPortal = 87AB2A4A19BB4077000D5549 /* Project object */;
			proxyType = 1;
			remoteGlobalIDString = 87AB2A5219BB4077000D5549;
			remoteInfo = jl;
		};
/* End PBXContainerItemProxy section */

/* Begin PBXFileReference section */
		872CEA1D19C08DFE00DBD997 /* audios.bundle */ = {isa = PBXFileReference; lastKnownFileType = "wrapper.plug-in"; path = audios.bundle; sourceTree = "<group>"; };
		87A99DEB19BDA4FA00586D07 /* ReaderEventListener.mm */ = {isa = PBXFileReference; fileEncoding = 4; lastKnownFileType = sourcecode.cpp.objcpp; path = ReaderEventListener.mm; sourceTree = "<group>"; };
		87A99DED19BDA54500586D07 /* ReaderEventListener.h */ = {isa = PBXFileReference; fileEncoding = 4; lastKnownFileType = sourcecode.c.h; path = ReaderEventListener.h; sourceTree = "<group>"; };
		87AB2A5319BB4077000D5549 /* jl.app */ = {isa = PBXFileReference; explicitFileType = wrapper.application; includeInIndex = 0; path = jl.app; sourceTree = BUILT_PRODUCTS_DIR; };
		87AB2A5719BB4077000D5549 /* UIKit.framework */ = {isa = PBXFileReference; lastKnownFileType = wrapper.framework; name = UIKit.framework; path = System/Library/Frameworks/UIKit.framework; sourceTree = SDKROOT; };
		87AB2A5919BB4077000D5549 /* Foundation.framework */ = {isa = PBXFileReference; lastKnownFileType = wrapper.framework; name = Foundation.framework; path = System/Library/Frameworks/Foundation.framework; sourceTree = SDKROOT; };
		87AB2A5B19BB4077000D5549 /* CoreGraphics.framework */ = {isa = PBXFileReference; lastKnownFileType = wrapper.framework; name = CoreGraphics.framework; path = System/Library/Frameworks/CoreGraphics.framework; sourceTree = SDKROOT; };
		87AB2A5F19BB4077000D5549 /* jl-Info.plist */ = {isa = PBXFileReference; lastKnownFileType = text.plist.xml; path = "jl-Info.plist"; sourceTree = "<group>"; };
		87AB2A6119BB4077000D5549 /* en */ = {isa = PBXFileReference; lastKnownFileType = text.plist.strings; name = en; path = en.lproj/InfoPlist.strings; sourceTree = "<group>"; };
		87AB2A6319BB4077000D5549 /* main.m */ = {isa = PBXFileReference; lastKnownFileType = sourcecode.c.objc; path = main.m; sourceTree = "<group>"; };
		87AB2A6519BB4077000D5549 /* jl-Prefix.pch */ = {isa = PBXFileReference; lastKnownFileType = sourcecode.c.h; path = "jl-Prefix.pch"; sourceTree = "<group>"; };
		87AB2A6619BB4077000D5549 /* JlAppDelegate.h */ = {isa = PBXFileReference; lastKnownFileType = sourcecode.c.h; path = JlAppDelegate.h; sourceTree = "<group>"; };
		87AB2A6719BB4077000D5549 /* JlAppDelegate.mm */ = {isa = PBXFileReference; lastKnownFileType = sourcecode.cpp.objcpp; path = JlAppDelegate.mm; sourceTree = "<group>"; };
		87AB2A6919BB4077000D5549 /* Default.png */ = {isa = PBXFileReference; lastKnownFileType = image.png; path = Default.png; sourceTree = "<group>"; };
		87AB2A6B19BB4077000D5549 /* Default@2x.png */ = {isa = PBXFileReference; lastKnownFileType = image.png; path = "Default@2x.png"; sourceTree = "<group>"; };
		87AB2A6D19BB4077000D5549 /* Default-568h@2x.png */ = {isa = PBXFileReference; lastKnownFileType = image.png; path = "Default-568h@2x.png"; sourceTree = "<group>"; };
		87AB2A6F19BB4077000D5549 /* JlViewController.h */ = {isa = PBXFileReference; lastKnownFileType = sourcecode.c.h; path = JlViewController.h; sourceTree = "<group>"; };
		87AB2A7019BB4077000D5549 /* JlViewController.mm */ = {isa = PBXFileReference; lastKnownFileType = sourcecode.cpp.objcpp; path = JlViewController.mm; sourceTree = "<group>"; };
		87AB2A7319BB4077000D5549 /* en */ = {isa = PBXFileReference; lastKnownFileType = file.xib; name = en; path = en.lproj/JlViewController_iPhone.xib; sourceTree = "<group>"; };
		87AB2A7619BB4077000D5549 /* en */ = {isa = PBXFileReference; lastKnownFileType = file.xib; name = en; path = en.lproj/JlViewController_iPad.xib; sourceTree = "<group>"; };
		87AB2A7D19BB4077000D5549 /* jlTests.octest */ = {isa = PBXFileReference; explicitFileType = wrapper.cfbundle; includeInIndex = 0; path = jlTests.octest; sourceTree = BUILT_PRODUCTS_DIR; };
		87AB2A7E19BB4077000D5549 /* SenTestingKit.framework */ = {isa = PBXFileReference; lastKnownFileType = wrapper.framework; name = SenTestingKit.framework; path = Library/Frameworks/SenTestingKit.framework; sourceTree = DEVELOPER_DIR; };
		87AB2A8619BB4077000D5549 /* jlTests-Info.plist */ = {isa = PBXFileReference; lastKnownFileType = text.plist.xml; path = "jlTests-Info.plist"; sourceTree = "<group>"; };
		87AB2A8819BB4077000D5549 /* en */ = {isa = PBXFileReference; lastKnownFileType = text.plist.strings; name = en; path = en.lproj/InfoPlist.strings; sourceTree = "<group>"; };
		87AB2A8A19BB4077000D5549 /* jlTests.h */ = {isa = PBXFileReference; lastKnownFileType = sourcecode.c.h; path = jlTests.h; sourceTree = "<group>"; };
		87AB2A8B19BB4077000D5549 /* jlTests.m */ = {isa = PBXFileReference; lastKnownFileType = sourcecode.c.objc; path = jlTests.m; sourceTree = "<group>"; };
		87AB2ACB19BB4AB4000D5549 /* AudioInfo.cpp */ = {isa = PBXFileReference; fileEncoding = 4; lastKnownFileType = sourcecode.cpp.cpp; path = AudioInfo.cpp; sourceTree = "<group>"; };
		87AB2ACC19BB4AB4000D5549 /* AudioInfo.h */ = {isa = PBXFileReference; fileEncoding = 4; lastKnownFileType = sourcecode.c.h; path = AudioInfo.h; sourceTree = "<group>"; };
		87AB2ACD19BB4AB4000D5549 /* Course.cpp */ = {isa = PBXFileReference; fileEncoding = 4; lastKnownFileType = sourcecode.cpp.cpp; path = Course.cpp; sourceTree = "<group>"; };
		87AB2ACE19BB4AB4000D5549 /* Course.h */ = {isa = PBXFileReference; fileEncoding = 4; lastKnownFileType = sourcecode.c.h; path = Course.h; sourceTree = "<group>"; };
		87AB2ACF19BB4AB4000D5549 /* UrlSetting.cpp */ = {isa = PBXFileReference; fileEncoding = 4; lastKnownFileType = sourcecode.cpp.cpp; path = UrlSetting.cpp; sourceTree = "<group>"; };
		87AB2AD019BB4AB4000D5549 /* UrlSetting.h */ = {isa = PBXFileReference; fileEncoding = 4; lastKnownFileType = sourcecode.c.h; path = UrlSetting.h; sourceTree = "<group>"; };
		87AB2AD219BB4AB4000D5549 /* Serializable.h */ = {isa = PBXFileReference; fileEncoding = 4; lastKnownFileType = sourcecode.c.h; path = Serializable.h; sourceTree = "<group>"; };
		87AB2AD319BB4AB4000D5549 /* Stl.h */ = {isa = PBXFileReference; fileEncoding = 4; lastKnownFileType = sourcecode.c.h; path = Stl.h; sourceTree = "<group>"; };
		87AB2AD419BB4AB4000D5549 /* Type.h */ = {isa = PBXFileReference; fileEncoding = 4; lastKnownFileType = sourcecode.c.h; path = Type.h; sourceTree = "<group>"; };
		87AB2AD519BB4AB4000D5549 /* JpwordReader.cpp */ = {isa = PBXFileReference; fileEncoding = 4; lastKnownFileType = sourcecode.cpp.cpp; path = JpwordReader.cpp; sourceTree = "<group>"; };
		87AB2AD619BB4AB4000D5549 /* JpwordReader.h */ = {isa = PBXFileReference; fileEncoding = 4; lastKnownFileType = sourcecode.c.h; path = JpwordReader.h; sourceTree = "<group>"; };
		87AB2AD819BB4AB4000D5549 /* DownloadEventListener.cpp */ = {isa = PBXFileReference; fileEncoding = 4; lastKnownFileType = sourcecode.cpp.cpp; path = DownloadEventListener.cpp; sourceTree = "<group>"; };
		87AB2AD919BB4AB4000D5549 /* DownloadEventListener.h */ = {isa = PBXFileReference; fileEncoding = 4; lastKnownFileType = sourcecode.c.h; path = DownloadEventListener.h; sourceTree = "<group>"; };
		87AB2ADC19BB4AB4000D5549 /* UnzipEventListener.cpp */ = {isa = PBXFileReference; fileEncoding = 4; lastKnownFileType = sourcecode.cpp.cpp; path = UnzipEventListener.cpp; sourceTree = "<group>"; };
		87AB2ADD19BB4AB4000D5549 /* UnzipEventListener.h */ = {isa = PBXFileReference; fileEncoding = 4; lastKnownFileType = sourcecode.c.h; path = UnzipEventListener.h; sourceTree = "<group>"; };
		87AB2ADF19BB4AB4000D5549 /* LevelsInfo.cpp */ = {isa = PBXFileReference; fileEncoding = 4; lastKnownFileType = sourcecode.cpp.cpp; path = LevelsInfo.cpp; sourceTree = "<group>"; };
		87AB2AE019BB4AB4000D5549 /* LevelsInfo.h */ = {isa = PBXFileReference; fileEncoding = 4; lastKnownFileType = sourcecode.c.h; path = LevelsInfo.h; sourceTree = "<group>"; };
		87AB2AE119BB4AB4000D5549 /* State.cpp */ = {isa = PBXFileReference; fileEncoding = 4; lastKnownFileType = sourcecode.cpp.cpp; path = State.cpp; sourceTree = "<group>"; };
		87AB2AE219BB4AB4000D5549 /* State.h */ = {isa = PBXFileReference; fileEncoding = 4; lastKnownFileType = sourcecode.c.h; path = State.h; sourceTree = "<group>"; };
		87AB2AE419BB4AB4000D5549 /* Constants.h */ = {isa = PBXFileReference; fileEncoding = 4; lastKnownFileType = sourcecode.c.h; path = Constants.h; sourceTree = "<group>"; };
		87AB2AE519BB4AB4000D5549 /* CourseUtils.cpp */ = {isa = PBXFileReference; fileEncoding = 4; lastKnownFileType = sourcecode.cpp.cpp; path = CourseUtils.cpp; sourceTree = "<group>"; };
		87AB2AE619BB4AB4000D5549 /* CourseUtils.h */ = {isa = PBXFileReference; fileEncoding = 4; lastKnownFileType = sourcecode.c.h; path = CourseUtils.h; sourceTree = "<group>"; };
		87AB2AE719BB4AB4000D5549 /* NetworkSupport.cpp */ = {isa = PBXFileReference; fileEncoding = 4; lastKnownFileType = sourcecode.cpp.cpp; path = NetworkSupport.cpp; sourceTree = "<group>"; };
		87AB2AE819BB4AB4000D5549 /* NetworkSupport.h */ = {isa = PBXFileReference; fileEncoding = 4; lastKnownFileType = sourcecode.c.h; path = NetworkSupport.h; sourceTree = "<group>"; };
		87AB2AE919BB4AB4000D5549 /* UnitUtils.cpp */ = {isa = PBXFileReference; fileEncoding = 4; lastKnownFileType = sourcecode.cpp.cpp; path = UnitUtils.cpp; sourceTree = "<group>"; };
		87AB2AEA19BB4AB4000D5549 /* UnitUtils.h */ = {isa = PBXFileReference; fileEncoding = 4; lastKnownFileType = sourcecode.c.h; path = UnitUtils.h; sourceTree = "<group>"; };
		87AB2AEC19BB4AB4000D5549 /* DataUtils.cpp */ = {isa = PBXFileReference; fileEncoding = 4; lastKnownFileType = sourcecode.cpp.cpp; path = DataUtils.cpp; sourceTree = "<group>"; };
		87AB2AED19BB4AB4000D5549 /* DataUtils.h */ = {isa = PBXFileReference; fileEncoding = 4; lastKnownFileType = sourcecode.c.h; path = DataUtils.h; sourceTree = "<group>"; };
		87AB2B0619BB5C32000D5549 /* IOUtils.h */ = {isa = PBXFileReference; fileEncoding = 4; lastKnownFileType = sourcecode.c.h; path = IOUtils.h; sourceTree = "<group>"; };
		87AB2B0719BB5C32000D5549 /* OsSupport.h */ = {isa = PBXFileReference; fileEncoding = 4; lastKnownFileType = sourcecode.c.h; path = OsSupport.h; sourceTree = "<group>"; };
		87AC445219BCA4100064B65A /* OsSupport.mm */ = {isa = PBXFileReference; fileEncoding = 4; lastKnownFileType = sourcecode.cpp.objcpp; path = OsSupport.mm; sourceTree = "<group>"; };
		87AC445519BCA7B60064B65A /* AVFoundation.framework */ = {isa = PBXFileReference; lastKnownFileType = wrapper.framework; name = AVFoundation.framework; path = System/Library/Frameworks/AVFoundation.framework; sourceTree = SDKROOT; };
		87AC445719BD3D5E0064B65A /* IOUtils.mm */ = {isa = PBXFileReference; fileEncoding = 4; lastKnownFileType = sourcecode.cpp.objcpp; path = IOUtils.mm; sourceTree = "<group>"; };
		87B3A10819C5C027009480A2 /* AudioInfoUtils.cpp */ = {isa = PBXFileReference; fileEncoding = 4; lastKnownFileType = sourcecode.cpp.cpp; path = AudioInfoUtils.cpp; sourceTree = "<group>"; };
		87B3A10919C5C027009480A2 /* AudioInfoUtils.h */ = {isa = PBXFileReference; fileEncoding = 4; lastKnownFileType = sourcecode.c.h; path = AudioInfoUtils.h; sourceTree = "<group>"; };
		87EDE63E19C40A2F0088E276 /* UseBoost.h */ = {isa = PBXFileReference; lastKnownFileType = sourcecode.c.h; path = UseBoost.h; sourceTree = "<group>"; };
/* End PBXFileReference section */

/* Begin PBXFrameworksBuildPhase section */
		87AB2A5019BB4077000D5549 /* Frameworks */ = {
			isa = PBXFrameworksBuildPhase;
			buildActionMask = 2147483647;
			files = (
				87AC445619BCA7B60064B65A /* AVFoundation.framework in Frameworks */,
				87AB2A5819BB4077000D5549 /* UIKit.framework in Frameworks */,
				87AB2A5A19BB4077000D5549 /* Foundation.framework in Frameworks */,
				87AB2A5C19BB4077000D5549 /* CoreGraphics.framework in Frameworks */,
			);
			runOnlyForDeploymentPostprocessing = 0;
		};
		87AB2A7919BB4077000D5549 /* Frameworks */ = {
			isa = PBXFrameworksBuildPhase;
			buildActionMask = 2147483647;
			files = (
				87AB2A7F19BB4077000D5549 /* SenTestingKit.framework in Frameworks */,
				87AB2A8019BB4077000D5549 /* UIKit.framework in Frameworks */,
				87AB2A8119BB4077000D5549 /* Foundation.framework in Frameworks */,
			);
			runOnlyForDeploymentPostprocessing = 0;
		};
/* End PBXFrameworksBuildPhase section */

/* Begin PBXGroup section */
		87AB2A4819BB4077000D5549 = {
			isa = PBXGroup;
			children = (
				87AB2A5D19BB4077000D5549 /* jl */,
				87AB2A8419BB4077000D5549 /* jlTests */,
				87AB2A5619BB4077000D5549 /* Frameworks */,
				87AB2A5419BB4077000D5549 /* Products */,
			);
			sourceTree = "<group>";
		};
		87AB2A5419BB4077000D5549 /* Products */ = {
			isa = PBXGroup;
			children = (
				87AB2A5319BB4077000D5549 /* jl.app */,
				87AB2A7D19BB4077000D5549 /* jlTests.octest */,
			);
			name = Products;
			sourceTree = "<group>";
		};
		87AB2A5619BB4077000D5549 /* Frameworks */ = {
			isa = PBXGroup;
			children = (
				87AC445519BCA7B60064B65A /* AVFoundation.framework */,
				87AB2A5719BB4077000D5549 /* UIKit.framework */,
				87AB2A5919BB4077000D5549 /* Foundation.framework */,
				87AB2A5B19BB4077000D5549 /* CoreGraphics.framework */,
				87AB2A7E19BB4077000D5549 /* SenTestingKit.framework */,
			);
			name = Frameworks;
			sourceTree = "<group>";
		};
		87AB2A5D19BB4077000D5549 /* jl */ = {
			isa = PBXGroup;
			children = (
				872CEA1D19C08DFE00DBD997 /* audios.bundle */,
				87AB2B1419BBEC5C000D5549 /* port */,
				87AB2AC919BB4AB4000D5549 /* core */,
				87AB2A6619BB4077000D5549 /* JlAppDelegate.h */,
				87AB2A6719BB4077000D5549 /* JlAppDelegate.mm */,
				87AB2A9519BB41B1000D5549 /* ui */,
				87AB2A5E19BB4077000D5549 /* Supporting Files */,
			);
			path = jl;
			sourceTree = "<group>";
		};
		87AB2A5E19BB4077000D5549 /* Supporting Files */ = {
			isa = PBXGroup;
			children = (
				87AB2A5F19BB4077000D5549 /* jl-Info.plist */,
				87AB2A6019BB4077000D5549 /* InfoPlist.strings */,
				87AB2A6319BB4077000D5549 /* main.m */,
				87AB2A6519BB4077000D5549 /* jl-Prefix.pch */,
				87AB2A6919BB4077000D5549 /* Default.png */,
				87AB2A6B19BB4077000D5549 /* Default@2x.png */,
				87AB2A6D19BB4077000D5549 /* Default-568h@2x.png */,
			);
			name = "Supporting Files";
			sourceTree = "<group>";
		};
		87AB2A8419BB4077000D5549 /* jlTests */ = {
			isa = PBXGroup;
			children = (
				87AB2A8A19BB4077000D5549 /* jlTests.h */,
				87AB2A8B19BB4077000D5549 /* jlTests.m */,
				87AB2A8519BB4077000D5549 /* Supporting Files */,
			);
			path = jlTests;
			sourceTree = "<group>";
		};
		87AB2A8519BB4077000D5549 /* Supporting Files */ = {
			isa = PBXGroup;
			children = (
				87AB2A8619BB4077000D5549 /* jlTests-Info.plist */,
				87AB2A8719BB4077000D5549 /* InfoPlist.strings */,
			);
			name = "Supporting Files";
			sourceTree = "<group>";
		};
		87AB2A9519BB41B1000D5549 /* ui */ = {
			isa = PBXGroup;
			children = (
				87AB2A6F19BB4077000D5549 /* JlViewController.h */,
				87AB2A7019BB4077000D5549 /* JlViewController.mm */,
				87AB2A7219BB4077000D5549 /* JlViewController_iPhone.xib */,
				87AB2A7519BB4077000D5549 /* JlViewController_iPad.xib */,
			);
			name = ui;
			sourceTree = "<group>";
		};
		87AB2AC919BB4AB4000D5549 /* core */ = {
			isa = PBXGroup;
			children = (
				87AB2B0519BB5C30000D5549 /* port */,
				87AB2ACA19BB4AB4000D5549 /* data */,
				87AB2AD119BB4AB4000D5549 /* header */,
				87AB2AD519BB4AB4000D5549 /* JpwordReader.cpp */,
				87AB2AD619BB4AB4000D5549 /* JpwordReader.h */,
				87AB2AD719BB4AB4000D5549 /* listener */,
				87AB2ADE19BB4AB4000D5549 /* runtime */,
				87AB2AE319BB4AB4000D5549 /* support */,
				87AB2AEB19BB4AB4000D5549 /* utils */,
			);
			path = core;
			sourceTree = "<group>";
		};
		87AB2ACA19BB4AB4000D5549 /* data */ = {
			isa = PBXGroup;
			children = (
				87AB2ACB19BB4AB4000D5549 /* AudioInfo.cpp */,
				87AB2ACC19BB4AB4000D5549 /* AudioInfo.h */,
				87AB2ACD19BB4AB4000D5549 /* Course.cpp */,
				87AB2ACE19BB4AB4000D5549 /* Course.h */,
				87AB2ACF19BB4AB4000D5549 /* UrlSetting.cpp */,
				87AB2AD019BB4AB4000D5549 /* UrlSetting.h */,
			);
			path = data;
			sourceTree = "<group>";
		};
		87AB2AD119BB4AB4000D5549 /* header */ = {
			isa = PBXGroup;
			children = (
				87AB2AD219BB4AB4000D5549 /* Serializable.h */,
				87AB2AD319BB4AB4000D5549 /* Stl.h */,
				87AB2AD419BB4AB4000D5549 /* Type.h */,
				87EDE63E19C40A2F0088E276 /* UseBoost.h */,
			);
			path = header;
			sourceTree = "<group>";
		};
		87AB2AD719BB4AB4000D5549 /* listener */ = {
			isa = PBXGroup;
			children = (
				87AB2AD819BB4AB4000D5549 /* DownloadEventListener.cpp */,
				87AB2AD919BB4AB4000D5549 /* DownloadEventListener.h */,
				87AB2ADC19BB4AB4000D5549 /* UnzipEventListener.cpp */,
				87AB2ADD19BB4AB4000D5549 /* UnzipEventListener.h */,
			);
			path = listener;
			sourceTree = "<group>";
		};
		87AB2ADE19BB4AB4000D5549 /* runtime */ = {
			isa = PBXGroup;
			children = (
				87AB2ADF19BB4AB4000D5549 /* LevelsInfo.cpp */,
				87AB2AE019BB4AB4000D5549 /* LevelsInfo.h */,
				87AB2AE119BB4AB4000D5549 /* State.cpp */,
				87AB2AE219BB4AB4000D5549 /* State.h */,
			);
			path = runtime;
			sourceTree = "<group>";
		};
		87AB2AE319BB4AB4000D5549 /* support */ = {
			isa = PBXGroup;
			children = (
				87B3A10819C5C027009480A2 /* AudioInfoUtils.cpp */,
				87B3A10919C5C027009480A2 /* AudioInfoUtils.h */,
				87AB2AE419BB4AB4000D5549 /* Constants.h */,
				87AB2AE519BB4AB4000D5549 /* CourseUtils.cpp */,
				87AB2AE619BB4AB4000D5549 /* CourseUtils.h */,
				87AB2AE719BB4AB4000D5549 /* NetworkSupport.cpp */,
				87AB2AE819BB4AB4000D5549 /* NetworkSupport.h */,
				87AB2AE919BB4AB4000D5549 /* UnitUtils.cpp */,
				87AB2AEA19BB4AB4000D5549 /* UnitUtils.h */,
			);
			path = support;
			sourceTree = "<group>";
		};
		87AB2AEB19BB4AB4000D5549 /* utils */ = {
			isa = PBXGroup;
			children = (
				87AB2AEC19BB4AB4000D5549 /* DataUtils.cpp */,
				87AB2AED19BB4AB4000D5549 /* DataUtils.h */,
			);
			path = utils;
			sourceTree = "<group>";
		};
		87AB2B0519BB5C30000D5549 /* port */ = {
			isa = PBXGroup;
			children = (
				87A99DED19BDA54500586D07 /* ReaderEventListener.h */,
				87AB2B0619BB5C32000D5549 /* IOUtils.h */,
				87AB2B0719BB5C32000D5549 /* OsSupport.h */,
			);
			path = port;
			sourceTree = "<group>";
		};
		87AB2B1419BBEC5C000D5549 /* port */ = {
			isa = PBXGroup;
			children = (
				87A99DEB19BDA4FA00586D07 /* ReaderEventListener.mm */,
				87AC445219BCA4100064B65A /* OsSupport.mm */,
				87AC445719BD3D5E0064B65A /* IOUtils.mm */,
			);
			name = port;
			sourceTree = "<group>";
		};
/* End PBXGroup section */

/* Begin PBXNativeTarget section */
		87AB2A5219BB4077000D5549 /* jl */ = {
			isa = PBXNativeTarget;
			buildConfigurationList = 87AB2A8F19BB4077000D5549 /* Build configuration list for PBXNativeTarget "jl" */;
			buildPhases = (
				87AB2A4F19BB4077000D5549 /* Sources */,
				87AB2A5019BB4077000D5549 /* Frameworks */,
				87AB2A5119BB4077000D5549 /* Resources */,
			);
			buildRules = (
			);
			dependencies = (
			);
			name = jl;
			productName = jl;
			productReference = 87AB2A5319BB4077000D5549 /* jl.app */;
			productType = "com.apple.product-type.application";
		};
		87AB2A7C19BB4077000D5549 /* jlTests */ = {
			isa = PBXNativeTarget;
			buildConfigurationList = 87AB2A9219BB4077000D5549 /* Build configuration list for PBXNativeTarget "jlTests" */;
			buildPhases = (
				87AB2A7819BB4077000D5549 /* Sources */,
				87AB2A7919BB4077000D5549 /* Frameworks */,
				87AB2A7A19BB4077000D5549 /* Resources */,
				87AB2A7B19BB4077000D5549 /* ShellScript */,
			);
			buildRules = (
			);
			dependencies = (
				87AB2A8319BB4077000D5549 /* PBXTargetDependency */,
			);
			name = jlTests;
			productName = jlTests;
			productReference = 87AB2A7D19BB4077000D5549 /* jlTests.octest */;
			productType = "com.apple.product-type.bundle";
		};
/* End PBXNativeTarget section */

/* Begin PBXProject section */
		87AB2A4A19BB4077000D5549 /* Project object */ = {
			isa = PBXProject;
			attributes = {
				CLASSPREFIX = Jl;
				LastUpgradeCheck = 0450;
				ORGANIZATIONNAME = he;
			};
			buildConfigurationList = 87AB2A4D19BB4077000D5549 /* Build configuration list for PBXProject "jl" */;
			compatibilityVersion = "Xcode 3.2";
			developmentRegion = English;
			hasScannedForEncodings = 0;
			knownRegions = (
				en,
			);
			mainGroup = 87AB2A4819BB4077000D5549;
			productRefGroup = 87AB2A5419BB4077000D5549 /* Products */;
			projectDirPath = "";
			projectRoot = "";
			targets = (
				87AB2A5219BB4077000D5549 /* jl */,
				87AB2A7C19BB4077000D5549 /* jlTests */,
			);
		};
/* End PBXProject section */

/* Begin PBXResourcesBuildPhase section */
		87AB2A5119BB4077000D5549 /* Resources */ = {
			isa = PBXResourcesBuildPhase;
			buildActionMask = 2147483647;
			files = (
				87AB2A6219BB4077000D5549 /* InfoPlist.strings in Resources */,
				87AB2A6A19BB4077000D5549 /* Default.png in Resources */,
				87AB2A6C19BB4077000D5549 /* Default@2x.png in Resources */,
				87AB2A6E19BB4077000D5549 /* Default-568h@2x.png in Resources */,
				87AB2A7419BB4077000D5549 /* JlViewController_iPhone.xib in Resources */,
				87AB2A7719BB4077000D5549 /* JlViewController_iPad.xib in Resources */,
				872CEA1E19C08DFE00DBD997 /* audios.bundle in Resources */,
			);
			runOnlyForDeploymentPostprocessing = 0;
		};
		87AB2A7A19BB4077000D5549 /* Resources */ = {
			isa = PBXResourcesBuildPhase;
			buildActionMask = 2147483647;
			files = (
				87AB2A8919BB4077000D5549 /* InfoPlist.strings in Resources */,
			);
			runOnlyForDeploymentPostprocessing = 0;
		};
/* End PBXResourcesBuildPhase section */

/* Begin PBXShellScriptBuildPhase section */
		87AB2A7B19BB4077000D5549 /* ShellScript */ = {
			isa = PBXShellScriptBuildPhase;
			buildActionMask = 2147483647;
			files = (
			);
			inputPaths = (
			);
			outputPaths = (
			);
			runOnlyForDeploymentPostprocessing = 0;
			shellPath = /bin/sh;
			shellScript = "# Run the unit tests in this test bundle.\n\"${SYSTEM_DEVELOPER_DIR}/Tools/RunUnitTests\"\n";
		};
/* End PBXShellScriptBuildPhase section */

/* Begin PBXSourcesBuildPhase section */
		87AB2A4F19BB4077000D5549 /* Sources */ = {
			isa = PBXSourcesBuildPhase;
			buildActionMask = 2147483647;
			files = (
				87AB2A6419BB4077000D5549 /* main.m in Sources */,
				87AB2A6819BB4077000D5549 /* JlAppDelegate.mm in Sources */,
				87AB2A7119BB4077000D5549 /* JlViewController.mm in Sources */,
				87AB2AF219BB4AB4000D5549 /* AudioInfo.cpp in Sources */,
				87AB2AF319BB4AB4000D5549 /* Course.cpp in Sources */,
				87AB2AF419BB4AB4000D5549 /* UrlSetting.cpp in Sources */,
				87AB2AF519BB4AB4000D5549 /* JpwordReader.cpp in Sources */,
				87AB2AF619BB4AB4000D5549 /* DownloadEventListener.cpp in Sources */,
				87AB2AF819BB4AB4000D5549 /* UnzipEventListener.cpp in Sources */,
				87AB2AF919BB4AB4000D5549 /* LevelsInfo.cpp in Sources */,
				87AB2AFA19BB4AB4000D5549 /* State.cpp in Sources */,
				87AB2AFB19BB4AB4000D5549 /* CourseUtils.cpp in Sources */,
				87AB2AFC19BB4AB4000D5549 /* NetworkSupport.cpp in Sources */,
				87AB2AFD19BB4AB4000D5549 /* UnitUtils.cpp in Sources */,
				87AB2AFE19BB4AB4000D5549 /* DataUtils.cpp in Sources */,
				87AC445419BCA4100064B65A /* OsSupport.mm in Sources */,
				87AC445919BD3D5F0064B65A /* IOUtils.mm in Sources */,
				87A99DEC19BDA4FA00586D07 /* ReaderEventListener.mm in Sources */,
				87B3A10A19C5C027009480A2 /* AudioInfoUtils.cpp in Sources */,
			);
			runOnlyForDeploymentPostprocessing = 0;
		};
		87AB2A7819BB4077000D5549 /* Sources */ = {
			isa = PBXSourcesBuildPhase;
			buildActionMask = 2147483647;
			files = (
				87AB2A8C19BB4077000D5549 /* jlTests.m in Sources */,
			);
			runOnlyForDeploymentPostprocessing = 0;
		};
/* End PBXSourcesBuildPhase section */

/* Begin PBXTargetDependency section */
		87AB2A8319BB4077000D5549 /* PBXTargetDependency */ = {
			isa = PBXTargetDependency;
			target = 87AB2A5219BB4077000D5549 /* jl */;
			targetProxy = 87AB2A8219BB4077000D5549 /* PBXContainerItemProxy */;
		};
/* End PBXTargetDependency section */

/* Begin PBXVariantGroup section */
		87AB2A6019BB4077000D5549 /* InfoPlist.strings */ = {
			isa = PBXVariantGroup;
			children = (
				87AB2A6119BB4077000D5549 /* en */,
			);
			name = InfoPlist.strings;
			sourceTree = "<group>";
		};
		87AB2A7219BB4077000D5549 /* JlViewController_iPhone.xib */ = {
			isa = PBXVariantGroup;
			children = (
				87AB2A7319BB4077000D5549 /* en */,
			);
			name = JlViewController_iPhone.xib;
			sourceTree = "<group>";
		};
		87AB2A7519BB4077000D5549 /* JlViewController_iPad.xib */ = {
			isa = PBXVariantGroup;
			children = (
				87AB2A7619BB4077000D5549 /* en */,
			);
			name = JlViewController_iPad.xib;
			sourceTree = "<group>";
		};
		87AB2A8719BB4077000D5549 /* InfoPlist.strings */ = {
			isa = PBXVariantGroup;
			children = (
				87AB2A8819BB4077000D5549 /* en */,
			);
			name = InfoPlist.strings;
			sourceTree = "<group>";
		};
/* End PBXVariantGroup section */

/* Begin XCBuildConfiguration section */
		87AB2A8D19BB4077000D5549 /* Debug */ = {
			isa = XCBuildConfiguration;
			buildSettings = {
				ALWAYS_SEARCH_USER_PATHS = NO;
				CLANG_CXX_LANGUAGE_STANDARD = "gnu++0x";
				CLANG_CXX_LIBRARY = "libc++";
				CLANG_ENABLE_OBJC_ARC = YES;
				CLANG_WARN_EMPTY_BODY = YES;
				CLANG_WARN__DUPLICATE_METHOD_MATCH = YES;
				"CODE_SIGN_IDENTITY[sdk=iphoneos*]" = "iPhone Developer";
				COPY_PHASE_STRIP = NO;
				GCC_C_LANGUAGE_STANDARD = gnu99;
				GCC_DYNAMIC_NO_PIC = NO;
				GCC_OPTIMIZATION_LEVEL = 0;
				GCC_PREPROCESSOR_DEFINITIONS = (
					"DEBUG=1",
					"$(inherited)",
				);
				GCC_SYMBOLS_PRIVATE_EXTERN = NO;
				GCC_WARN_ABOUT_RETURN_TYPE = YES;
				GCC_WARN_UNINITIALIZED_AUTOS = YES;
				GCC_WARN_UNUSED_VARIABLE = YES;
				HEADER_SEARCH_PATHS = /usr/local/Cellar/boost/1.55.0_2/include;
				IPHONEOS_DEPLOYMENT_TARGET = 6.0;
				LIBRARY_SEARCH_PATHS = /usr/local/Cellar/boost/1.55.0_2/lib;
				ONLY_ACTIVE_ARCH = YES;
				SDKROOT = iphoneos;
				TARGETED_DEVICE_FAMILY = "1,2";
			};
			name = Debug;
		};
		87AB2A8E19BB4077000D5549 /* Release */ = {
			isa = XCBuildConfiguration;
			buildSettings = {
				ALWAYS_SEARCH_USER_PATHS = NO;
				CLANG_CXX_LANGUAGE_STANDARD = "gnu++0x";
				CLANG_CXX_LIBRARY = "libc++";
				CLANG_ENABLE_OBJC_ARC = YES;
				CLANG_WARN_EMPTY_BODY = YES;
				CLANG_WARN__DUPLICATE_METHOD_MATCH = YES;
				"CODE_SIGN_IDENTITY[sdk=iphoneos*]" = "iPhone Developer";
				COPY_PHASE_STRIP = YES;
				GCC_C_LANGUAGE_STANDARD = gnu99;
				GCC_WARN_ABOUT_RETURN_TYPE = YES;
				GCC_WARN_UNINITIALIZED_AUTOS = YES;
				GCC_WARN_UNUSED_VARIABLE = YES;
				HEADER_SEARCH_PATHS = /usr/local/Cellar/boost/1.55.0_2/include;
				IPHONEOS_DEPLOYMENT_TARGET = 6.0;
				LIBRARY_SEARCH_PATHS = /usr/local/Cellar/boost/1.55.0_2/lib;
				OTHER_CFLAGS = "-DNS_BLOCK_ASSERTIONS=1";
				SDKROOT = iphoneos;
				TARGETED_DEVICE_FAMILY = "1,2";
				VALIDATE_PRODUCT = YES;
			};
			name = Release;
		};
		87AB2A9019BB4077000D5549 /* Debug */ = {
			isa = XCBuildConfiguration;
			buildSettings = {
				GCC_PRECOMPILE_PREFIX_HEADER = YES;
				GCC_PREFIX_HEADER = "jl/jl-Prefix.pch";
				INFOPLIST_FILE = "jl/jl-Info.plist";
				PRODUCT_NAME = "$(TARGET_NAME)";
				WRAPPER_EXTENSION = app;
				he_cust = "";
			};
			name = Debug;
		};
		87AB2A9119BB4077000D5549 /* Release */ = {
			isa = XCBuildConfiguration;
			buildSettings = {
				GCC_PRECOMPILE_PREFIX_HEADER = YES;
				GCC_PREFIX_HEADER = "jl/jl-Prefix.pch";
				INFOPLIST_FILE = "jl/jl-Info.plist";
				PRODUCT_NAME = "$(TARGET_NAME)";
				WRAPPER_EXTENSION = app;
				he_cust = "";
			};
			name = Release;
		};
		87AB2A9319BB4077000D5549 /* Debug */ = {
			isa = XCBuildConfiguration;
			buildSettings = {
				BUNDLE_LOADER = "$(BUILT_PRODUCTS_DIR)/jl.app/jl";
				FRAMEWORK_SEARCH_PATHS = (
					"\"$(SDKROOT)/Developer/Library/Frameworks\"",
					"\"$(DEVELOPER_LIBRARY_DIR)/Frameworks\"",
				);
				GCC_PRECOMPILE_PREFIX_HEADER = YES;
				GCC_PREFIX_HEADER = "jl/jl-Prefix.pch";
				INFOPLIST_FILE = "jlTests/jlTests-Info.plist";
				PRODUCT_NAME = "$(TARGET_NAME)";
				TEST_HOST = "$(BUNDLE_LOADER)";
				WRAPPER_EXTENSION = octest;
			};
			name = Debug;
		};
		87AB2A9419BB4077000D5549 /* Release */ = {
			isa = XCBuildConfiguration;
			buildSettings = {
				BUNDLE_LOADER = "$(BUILT_PRODUCTS_DIR)/jl.app/jl";
				FRAMEWORK_SEARCH_PATHS = (
					"\"$(SDKROOT)/Developer/Library/Frameworks\"",
					"\"$(DEVELOPER_LIBRARY_DIR)/Frameworks\"",
				);
				GCC_PRECOMPILE_PREFIX_HEADER = YES;
				GCC_PREFIX_HEADER = "jl/jl-Prefix.pch";
				INFOPLIST_FILE = "jlTests/jlTests-Info.plist";
				PRODUCT_NAME = "$(TARGET_NAME)";
				TEST_HOST = "$(BUNDLE_LOADER)";
				WRAPPER_EXTENSION = octest;
			};
			name = Release;
		};
/* End XCBuildConfiguration section */

/* Begin XCConfigurationList section */
		87AB2A4D19BB4077000D5549 /* Build configuration list for PBXProject "jl" */ = {
			isa = XCConfigurationList;
			buildConfigurations = (
				87AB2A8D19BB4077000D5549 /* Debug */,
				87AB2A8E19BB4077000D5549 /* Release */,
			);
			defaultConfigurationIsVisible = 0;
			defaultConfigurationName = Release;
		};
		87AB2A8F19BB4077000D5549 /* Build configuration list for PBXNativeTarget "jl" */ = {
			isa = XCConfigurationList;
			buildConfigurations = (
				87AB2A9019BB4077000D5549 /* Debug */,
				87AB2A9119BB4077000D5549 /* Release */,
			);
			defaultConfigurationIsVisible = 0;
			defaultConfigurationName = Release;
		};
		87AB2A9219BB4077000D5549 /* Build configuration list for PBXNativeTarget "jlTests" */ = {
			isa = XCConfigurationList;
			buildConfigurations = (
				87AB2A9319BB4077000D5549 /* Debug */,
				87AB2A9419BB4077000D5549 /* Release */,
			);
			defaultConfigurationIsVisible = 0;
			defaultConfigurationName = Release;
		};
/* End XCConfigurationList section */
	};
	rootObject = 87AB2A4A19BB4077000D5549 /* Project object */;
}
