<?xml version="1.0" encoding="UTF-8" standalone="yes" ?>
<CodeBlocks_project_file>
	<FileVersion major="1" minor="6" />
	<Project>
		<Option title="wxMedia" />
		<Option makefile="wxMedia.mak" />
		<Option makefile_is_custom="1" />
		<Option execution_dir="make" />
		<Option pch_mode="0" />
		<Option compiler="gcc" />
		<Build>
			<Target title="Debug">
				<Option output="bin/Debug/wxMedia" prefix_auto="1" extension_auto="1" />
				<Option object_output="obj/Debug/" />
				<Option type="0" />
				<Option compiler="gcc" />
				<Option projectLinkerOptionsRelation="2" />
				<Compiler>
					<Add option="-g" />
				</Compiler>
			</Target>
			<Target title="Release">
				<Option output="bin/Release/wxMedia" prefix_auto="1" extension_auto="1" />
				<Option object_output="obj/Release/" />
				<Option type="0" />
				<Option compiler="gcc" />
				<Option projectLinkerOptionsRelation="2" />
				<Compiler>
					<Add option="-O2" />
				</Compiler>
				<Linker>
					<Add option="-s" />
				</Linker>
			</Target>
		</Build>
		<Compiler>
			<Add option="`wx-config --cflags`" />
			<Add option="-Winvalid-pch" />
			<Add option="-include wx_pch.h" />
			<Add option="-DWX_PRECOMP" />
			<Add option="-Wall" />
		</Compiler>
		<Linker>
			<Add option="`wx-config --libs`" />
		</Linker>
		<Unit filename="make/CMakeLists.txt" />
		<Unit filename="make/Findavcodec.cmake" />
		<Unit filename="make/wxMedia-Debug.mak" />
		<Unit filename="make/wxMedia.mak" />
		<Unit filename="src/core/ffmpeg/sdlPlayer.c">
			<Option compilerVar="CC" />
		</Unit>
		<Unit filename="src/core/ffmpeg/spawnThread.c">
			<Option compilerVar="CC" />
		</Unit>
		<Unit filename="src/core/ffmpeg/syncVideo.c">
			<Option compilerVar="CC" />
		</Unit>
		<Unit filename="src/core/ffmpeg/useFfmpeg.c">
			<Option compilerVar="CC" />
		</Unit>
		<Unit filename="src/core/ffmpeg/videoProcessor.cpp" />
		<Unit filename="src/core/ffmpeg/videoProcessor.h" />
		<Unit filename="src/core/ffmpeg/withAudio.c">
			<Option compilerVar="CC" />
		</Unit>
		<Unit filename="src/core/frameVisitor.h" />
		<Unit filename="src/core/gst/gstLoader.cpp" />
		<Unit filename="src/core/gst/gstLoader.h" />
		<Unit filename="src/core/opencv/videoProcessor.h" />
		<Unit filename="src/core/opencv/videoprocessing.cpp" />
		<Unit filename="src/core/opencv/videoprocessor.h" />
		<Unit filename="src/core/vlc/vlcPlayer.c">
			<Option compilerVar="CC" />
		</Unit>
		<Unit filename="src/ui/gtk+/gstPlayer.c">
			<Option compilerVar="CC" />
		</Unit>
		<Unit filename="src/ui/gtk+/gtkPlayer.cpp" />
		<Unit filename="src/ui/sdl/wxSDLSurfacePanel.cpp" />
		<Unit filename="src/ui/wxCVPanel.cpp" />
		<Unit filename="src/ui/wxCVPanel.h" />
		<Unit filename="src/ui/wxGstPanel.cpp" />
		<Unit filename="src/ui/wxGstPanel.h" />
		<Unit filename="src/ui/wxMediaApp.cpp" />
		<Unit filename="src/ui/wxMediaApp.h" />
		<Unit filename="src/ui/wxMediaMain.cpp" />
		<Unit filename="src/ui/wxMediaMain.h" />
		<Unit filename="src/ui/wxSDLPanel.cpp" />
		<Unit filename="src/ui/wxSDLPanel.h" />
		<Unit filename="wxsmith/wxCVPanel.wxs" />
		<Unit filename="wxsmith/wxGstPanel.wxs" />
		<Unit filename="wxsmith/wxMediaframe.wxs" />
		<Extensions>
			<envvars />
			<code_completion />
			<lib_finder disable_auto="1" />
			<debugger />
			<wxsmith version="1">
				<gui name="wxWidgets" src="src/ui/wxMediaApp.cpp" main="-- None --" init_handlers="necessary" language="CPP" />
				<resources>
					<wxFrame wxs="wxsmith/wxMediaframe.wxs" src="src/ui/wxMediaMain.cpp" hdr="src/ui/wxMediaMain.h" name="wxMediaFrame" language="CPP" />
					<wxPanel wxs="wxsmith/wxGstPanel.wxs" src="src/ui/wxGstPanel.cpp" hdr="src/ui/wxGstPanel.h" name="wxGstPanel" language="CPP" />
					<wxPanel wxs="wxsmith/wxCVPanel.wxs" src="src/ui/wxCVPanel.cpp" hdr="src/ui/wxCVPanel.h" name="wxCVPanel" language="CPP" />
				</resources>
			</wxsmith>
		</Extensions>
	</Project>
</CodeBlocks_project_file>
